
Microsoft Visual Studio Solution File, Format Version 12.00
# Visual Studio Version 17
VisualStudioVersion = 17.12.35707.178
MinimumVisualStudioVersion = 10.0.40219.1
Project("{FAE04EC0-301F-11D3-BF4B-00C04F79EFBC}") = "Fitness", "Fitness\Fitness.csproj", "{A11886F1-A2AB-4A9F-9B27-7E294BAE7494}"
EndProject
Project("{FAE04EC0-301F-11D3-BF4B-00C04F79EFBC}") = "FitnessPersonnel", "FitnessPersonnel\FitnessPersonnel.csproj", "{F1819F4A-76E4-45CB-82D3-0315C1F92A8E}"
EndProject
Project("{FAE04EC0-301F-11D3-BF4B-00C04F79EFBC}") = "DDX_API", "DDX_API\DDX_API.csproj", "{C757AD50-2F5B-4CE1-8C50-77D8E9E4D7F5}"
EndProject
Global
	GlobalSection(SolutionConfigurationPlatforms) = preSolution
		Debug|Any CPU = Debug|Any CPU
		Release|Any CPU = Release|Any CPU
	EndGlobalSection
	GlobalSection(ProjectConfigurationPlatforms) = postSolution
		{A11886F1-A2AB-4A9F-9B27-7E294BAE7494}.Debug|Any CPU.ActiveCfg = Debug|Any CPU
		{A11886F1-A2AB-4A9F-9B27-7E294BAE7494}.Debug|Any CPU.Build.0 = Debug|Any CPU
		{A11886F1-A2AB-4A9F-9B27-7E294BAE7494}.Release|Any CPU.ActiveCfg = Release|Any CPU
		{A11886F1-A2AB-4A9F-9B27-7E294BAE7494}.Release|Any CPU.Build.0 = Release|Any CPU
		{F1819F4A-76E4-45CB-82D3-0315C1F92A8E}.Debug|Any CPU.ActiveCfg = Debug|Any CPU
		{F1819F4A-76E4-45CB-82D3-0315C1F92A8E}.Debug|Any CPU.Build.0 = Debug|Any CPU
		{F1819F4A-76E4-45CB-82D3-0315C1F92A8E}.Release|Any CPU.ActiveCfg = Release|Any CPU
		{F1819F4A-76E4-45CB-82D3-0315C1F92A8E}.Release|Any CPU.Build.0 = Release|Any CPU
		{C757AD50-2F5B-4CE1-8C50-77D8E9E4D7F5}.Debug|Any CPU.ActiveCfg = Debug|Any CPU
		{C757AD50-2F5B-4CE1-8C50-77D8E9E4D7F5}.Debug|Any CPU.Build.0 = Debug|Any CPU
		{C757AD50-2F5B-4CE1-8C50-77D8E9E4D7F5}.Release|Any CPU.ActiveCfg = Release|Any CPU
		{C757AD50-2F5B-4CE1-8C50-77D8E9E4D7F5}.Release|Any CPU.Build.0 = Release|Any CPU
	EndGlobalSection
	GlobalSection(SolutionProperties) = preSolution
		HideSolutionNode = FALSE
	EndGlobalSection
EndGlobal
